
Microsoft Visual Studio Solution File, Format Version 12.00
# Visual Studio Version 17
VisualStudioVersion = 17.9.34622.214
MinimumVisualStudioVersion = 10.0.40219.1
Project("{FAE04EC0-301F-11D3-BF4B-00C04F79EFBC}") = "PicoGH", "PicoGH.csproj", "{2ED90321-1E0F-48D2-9766-FC02221A102C}"
EndProject
Global
	GlobalSection(SolutionConfigurationPlatforms) = preSolution
		Debug|Any CPU = Debug|Any CPU
		Release|Any CPU = Release|Any CPU
	EndGlobalSection
	GlobalSection(ProjectConfigurationPlatforms) = postSolution
		{2ED90321-1E0F-48D2-9766-FC02221A102C}.Debug|Any CPU.ActiveCfg = Debug|Any CPU
		{2ED90321-1E0F-48D2-9766-FC02221A102C}.Debug|Any CPU.Build.0 = Debug|Any CPU
		{2ED90321-1E0F-48D2-9766-FC02221A102C}.Release|Any CPU.ActiveCfg = Release|Any CPU
		{2ED90321-1E0F-48D2-9766-FC02221A102C}.Release|Any CPU.Build.0 = Release|Any CPU
	EndGlobalSection
	GlobalSection(SolutionProperties) = preSolution
		HideSolutionNode = FALSE
	EndGlobalSection
	GlobalSection(ExtensibilityGlobals) = postSolution
		SolutionGuid = {B44087A5-BC33-428E-8036-3068E3FDACD8}
	EndGlobalSection
EndGlobal
